
Microsoft Visual Studio Solution File, Format Version 12.00
# Visual Studio Version 17
VisualStudioVersion = 17.0.31912.275
MinimumVisualStudioVersion = 10.0.40219.1
Project("{FAE04EC0-301F-11D3-BF4B-00C04F79EFBC}") = "Transgram", "Transgram\Transgram.csproj", "{30E2D553-AE6F-44B5-8447-B947401DC3D0}"
EndProject
Global
	GlobalSection(SolutionConfigurationPlatforms) = preSolution
		Debug|Any CPU = Debug|Any CPU
		Release|Any CPU = Release|Any CPU
	EndGlobalSection
	GlobalSection(ProjectConfigurationPlatforms) = postSolution
		{30E2D553-AE6F-44B5-8447-B947401DC3D0}.Debug|Any CPU.ActiveCfg = Debug|Any CPU
		{30E2D553-AE6F-44B5-8447-B947401DC3D0}.Debug|Any CPU.Build.0 = Debug|Any CPU
		{30E2D553-AE6F-44B5-8447-B947401DC3D0}.Release|Any CPU.ActiveCfg = Release|Any CPU
		{30E2D553-AE6F-44B5-8447-B947401DC3D0}.Release|Any CPU.Build.0 = Release|Any CPU
	EndGlobalSection
	GlobalSection(SolutionProperties) = preSolution
		HideSolutionNode = FALSE
	EndGlobalSection
	GlobalSection(ExtensibilityGlobals) = postSolution
		SolutionGuid = {C4B194AD-EEFF-42F4-BBBA-F54BC50E7DD1}
	EndGlobalSection
EndGlobal
